
Microsoft Visual Studio Solution File, Format Version 12.00
# Visual Studio Version 17
VisualStudioVersion = 17.5.002.0
MinimumVisualStudioVersion = 10.0.40219.1
Project("{9A19103F-16F7-4668-BE54-9A1E7A4F7556}") = "API-LIVROS", "API-LIVROS.csproj", "{0C3788B1-9C4F-4668-A3D0-EC5DE05FD856}"
EndProject
Global
	GlobalSection(SolutionConfigurationPlatforms) = preSolution
		Debug|Any CPU = Debug|Any CPU
		Release|Any CPU = Release|Any CPU
	EndGlobalSection
	GlobalSection(ProjectConfigurationPlatforms) = postSolution
		{0C3788B1-9C4F-4668-A3D0-EC5DE05FD856}.Debug|Any CPU.ActiveCfg = Debug|Any CPU
		{0C3788B1-9C4F-4668-A3D0-EC5DE05FD856}.Debug|Any CPU.Build.0 = Debug|Any CPU
		{0C3788B1-9C4F-4668-A3D0-EC5DE05FD856}.Release|Any CPU.ActiveCfg = Release|Any CPU
		{0C3788B1-9C4F-4668-A3D0-EC5DE05FD856}.Release|Any CPU.Build.0 = Release|Any CPU
	EndGlobalSection
	GlobalSection(SolutionProperties) = preSolution
		HideSolutionNode = FALSE
	EndGlobalSection
	GlobalSection(ExtensibilityGlobals) = postSolution
		SolutionGuid = {BDF75354-59E8-496A-A6F5-50D5ED98B1A8}
	EndGlobalSection
EndGlobal
